
Microsoft Visual Studio Solution File, Format Version 12.00
# Visual Studio Version 17
VisualStudioVersion = 17.3.32929.385
MinimumVisualStudioVersion = 10.0.40219.1
Project("{FAE04EC0-301F-11D3-BF4B-00C04F79EFBC}") = "OopsUC4", "OopsUC4\OopsUC4.csproj", "{A291D0F0-D630-4751-819C-4B11F835972D}"
EndProject
Global
	GlobalSection(SolutionConfigurationPlatforms) = preSolution
		Debug|Any CPU = Debug|Any CPU
		Release|Any CPU = Release|Any CPU
	EndGlobalSection
	GlobalSection(ProjectConfigurationPlatforms) = postSolution
		{A291D0F0-D630-4751-819C-4B11F835972D}.Debug|Any CPU.ActiveCfg = Debug|Any CPU
		{A291D0F0-D630-4751-819C-4B11F835972D}.Debug|Any CPU.Build.0 = Debug|Any CPU
		{A291D0F0-D630-4751-819C-4B11F835972D}.Release|Any CPU.ActiveCfg = Release|Any CPU
		{A291D0F0-D630-4751-819C-4B11F835972D}.Release|Any CPU.Build.0 = Release|Any CPU
	EndGlobalSection
	GlobalSection(SolutionProperties) = preSolution
		HideSolutionNode = FALSE
	EndGlobalSection
	GlobalSection(ExtensibilityGlobals) = postSolution
		SolutionGuid = {081FE43D-CC46-4B64-BF82-A965677F7E21}
	EndGlobalSection
EndGlobal
